{
  "version": 4,
  "terraform_version": "1.10.5",
  "serial": 65,
  "lineage": "e3b517d7-f3a4-da92-e4b3-592358736a96",
  "outputs": {},
  "resources": [
    {
      "mode": "data",
      "type": "aws_iam_role",
      "name": "ecs_task_execution_role",
      "provider": "provider[\"registry.terraform.io/hashicorp/aws\"]",
      "instances": [
        {
          "schema_version": 0,
          "attributes": {
            "arn": "arn:aws:iam::819512637580:role/ecs-task-execution-role",
            "assume_role_policy": "{\"Version\":\"2008-10-17\",\"Statement\":[{\"Sid\":\"\",\"Effect\":\"Allow\",\"Principal\":{\"Service\":\"ecs-tasks.amazonaws.com\"},\"Action\":\"sts:AssumeRole\"}]}",
            "create_date": "2025-02-03T21:51:53Z",
            "description": "",
            "id": "ecs-task-execution-role",
            "max_session_duration": 3600,
            "name": "ecs-task-execution-role",
            "path": "/",
            "permissions_boundary": "",
            "role_last_used": [
              {
                "last_used_date": "2025-02-03T22:14:07Z",
                "region": "us-east-1"
              }
            ],
            "tags": {},
            "unique_id": "AROA35TWCPCGD5QZY6APN"
          },
          "sensitive_attributes": []
        }
      ]
    },
    {
      "mode": "data",
      "type": "aws_iam_role",
      "name": "s3-access-role",
      "provider": "provider[\"registry.terraform.io/hashicorp/aws\"]",
      "instances": [
        {
          "schema_version": 0,
          "attributes": {
            "arn": "arn:aws:iam::819512637580:role/s3-full-access-role",
            "assume_role_policy": "{\"Version\":\"2012-10-17\",\"Statement\":[{\"Sid\":\"\",\"Effect\":\"Allow\",\"Principal\":{\"Service\":\"ecs-tasks.amazonaws.com\"},\"Action\":\"sts:AssumeRole\"}]}",
            "create_date": "2025-02-03T21:53:02Z",
            "description": "",
            "id": "s3-full-access-role",
            "max_session_duration": 3600,
            "name": "s3-full-access-role",
            "path": "/",
            "permissions_boundary": "",
            "role_last_used": [
              {
                "last_used_date": "",
                "region": ""
              }
            ],
            "tags": {},
            "unique_id": "AROA35TWCPCGPDGB45KOH"
          },
          "sensitive_attributes": []
        }
      ]
    },
    {
      "mode": "data",
      "type": "cloudflare_zone",
      "name": "dns-zone",
      "provider": "provider[\"registry.terraform.io/cloudflare/cloudflare\"]",
      "instances": [
        {
          "schema_version": 0,
          "attributes": {
            "account": {
              "id": null,
              "name": null
            },
            "activated_on": "2024-03-28T22:30:29Z",
            "created_on": "2024-03-28T22:14:04Z",
            "development_mode": -26774343,
            "filter": null,
            "id": null,
            "meta": {
              "cdn_only": null,
              "custom_certificate_quota": 0,
              "dns_only": null,
              "foundation_dns": null,
              "page_rule_quota": 3,
              "phishing_detected": false,
              "step": 2
            },
            "modified_on": "2024-10-19T13:17:04Z",
            "name": "4026.org",
            "name_servers": [
              "anastasia.ns.cloudflare.com",
              "clay.ns.cloudflare.com"
            ],
            "original_dnshost": null,
            "original_name_servers": [
              "ns1.vercel-dns.com",
              "ns2.vercel-dns.com"
            ],
            "original_registrar": "namecheap, inc. (id: 1068)",
            "owner": {
              "id": null,
              "name": null,
              "type": "user"
            },
            "paused": false,
            "status": "active",
            "type": "full",
            "vanity_name_servers": null,
            "zone_id": "3718e115b8e70b897b4ca5c52241f0a1"
          },
          "sensitive_attributes": []
        }
      ]
    },
    {
      "mode": "managed",
      "type": "aws_acm_certificate",
      "name": "gearbox-certificate",
      "provider": "provider[\"registry.terraform.io/hashicorp/aws\"]",
      "instances": [
        {
          "schema_version": 0,
          "attributes": {
            "arn": "arn:aws:acm:us-east-1:819512637580:certificate/d7a82a5f-cdf6-4edf-aa80-61c36ebffc8c",
            "certificate_authority_arn": "",
            "certificate_body": null,
            "certificate_chain": null,
            "domain_name": "4026.org",
            "domain_validation_options": [
              {
                "domain_name": "*.4026.org",
                "resource_record_name": "_146520e5d943187fc22f41f3cefdfd0c.4026.org.",
                "resource_record_type": "CNAME",
                "resource_record_value": "_37ca5ecba7070e618644409837e8f19c.zfyfvmchrl.acm-validations.aws."
              },
              {
                "domain_name": "4026.org",
                "resource_record_name": "_146520e5d943187fc22f41f3cefdfd0c.4026.org.",
                "resource_record_type": "CNAME",
                "resource_record_value": "_37ca5ecba7070e618644409837e8f19c.zfyfvmchrl.acm-validations.aws."
              }
            ],
            "early_renewal_duration": "",
            "id": "arn:aws:acm:us-east-1:819512637580:certificate/d7a82a5f-cdf6-4edf-aa80-61c36ebffc8c",
            "key_algorithm": "RSA_2048",
            "not_after": "",
            "not_before": "",
            "options": [
              {
                "certificate_transparency_logging_preference": "ENABLED"
              }
            ],
            "pending_renewal": false,
            "private_key": null,
            "renewal_eligibility": "INELIGIBLE",
            "renewal_summary": [],
            "status": "PENDING_VALIDATION",
            "subject_alternative_names": [
              "*.4026.org",
              "4026.org"
            ],
            "tags": null,
            "tags_all": {},
            "type": "AMAZON_ISSUED",
            "validation_emails": [],
            "validation_method": "DNS",
            "validation_option": []
          },
          "sensitive_attributes": [
            [
              {
                "type": "get_attr",
                "value": "private_key"
              }
            ]
          ],
          "private": "bnVsbA==",
          "create_before_destroy": true
        }
      ]
    },
    {
      "mode": "managed",
      "type": "aws_acm_certificate_validation",
      "name": "gearbox-certificate-validation",
      "provider": "provider[\"registry.terraform.io/hashicorp/aws\"]",
      "instances": [
        {
          "schema_version": 0,
          "attributes": {
            "certificate_arn": "arn:aws:acm:us-east-1:819512637580:certificate/d7a82a5f-cdf6-4edf-aa80-61c36ebffc8c",
            "id": "0001-01-01 00:00:00 +0000 UTC",
            "timeouts": null,
            "validation_record_fqdns": null
          },
          "sensitive_attributes": [],
          "private": "eyJlMmJmYjczMC1lY2FhLTExZTYtOGY4OC0zNDM2M2JjN2M0YzAiOnsiY3JlYXRlIjo0NTAwMDAwMDAwMDAwfX0=",
          "dependencies": [
            "aws_acm_certificate.gearbox-certificate"
          ]
        }
      ]
    },
    {
      "mode": "managed",
      "type": "aws_appautoscaling_policy",
      "name": "ecs_policy",
      "provider": "provider[\"registry.terraform.io/hashicorp/aws\"]",
      "instances": [
        {
          "schema_version": 0,
          "attributes": {
            "alarm_arns": [
              "arn:aws:cloudwatch:us-east-1:819512637580:alarm:TargetTracking-service/gearbox/gearbox-AlarmHigh-6d289f56-e7db-4093-b8ae-cf34710fa01d",
              "arn:aws:cloudwatch:us-east-1:819512637580:alarm:TargetTracking-service/gearbox/gearbox-AlarmLow-21b7f087-bea3-4456-b7ed-a7956bcc5e80"
            ],
            "arn": "arn:aws:autoscaling:us-east-1:819512637580:scalingPolicy:ced315c1-c858-45e0-bf7e-beca71648810:resource/ecs/service/gearbox/gearbox:policyName/scale-down",
            "id": "scale-down",
            "name": "scale-down",
            "policy_type": "TargetTrackingScaling",
            "resource_id": "service/gearbox/gearbox",
            "scalable_dimension": "ecs:service:DesiredCount",
            "service_namespace": "ecs",
            "step_scaling_policy_configuration": [],
            "target_tracking_scaling_policy_configuration": [
              {
                "customized_metric_specification": [],
                "disable_scale_in": false,
                "predefined_metric_specification": [
                  {
                    "predefined_metric_type": "ECSServiceAverageCPUUtilization",
                    "resource_label": ""
                  }
                ],
                "scale_in_cooldown": 300,
                "scale_out_cooldown": 300,
                "target_value": 75
              }
            ]
          },
          "sensitive_attributes": [],
          "private": "bnVsbA==",
          "dependencies": [
            "aws_appautoscaling_target.ecs_target",
            "aws_cloudwatch_log_group.gearbox-logs",
            "aws_cloudwatch_log_stream.gearbox-log-stream",
            "aws_ecs_cluster.gearbox",
            "aws_ecs_service.gearbox",
            "aws_ecs_task_definition.gearbox",
            "aws_lb_target_group.gearbox-instances",
            "aws_security_group.gearbox-security-group",
            "aws_subnet.gearbox-subnets",
            "aws_vpc.gearbox-vpc",
            "data.aws_iam_role.ecs_task_execution_role",
            "data.aws_iam_role.s3-access-role"
          ]
        }
      ]
    },
    {
      "mode": "managed",
      "type": "aws_appautoscaling_target",
      "name": "ecs_target",
      "provider": "provider[\"registry.terraform.io/hashicorp/aws\"]",
      "instances": [
        {
          "schema_version": 0,
          "attributes": {
            "arn": "arn:aws:application-autoscaling:us-east-1:819512637580:scalable-target/0ec5ced315c1c85845e0bf7ebeca71648810",
            "id": "service/gearbox/gearbox",
            "max_capacity": 3,
            "min_capacity": 1,
            "resource_id": "service/gearbox/gearbox",
            "role_arn": "arn:aws:iam::819512637580:role/aws-service-role/ecs.application-autoscaling.amazonaws.com/AWSServiceRoleForApplicationAutoScaling_ECSService",
            "scalable_dimension": "ecs:service:DesiredCount",
            "service_namespace": "ecs",
            "suspended_state": [
              {
                "dynamic_scaling_in_suspended": false,
                "dynamic_scaling_out_suspended": false,
                "scheduled_scaling_suspended": false
              }
            ],
            "tags": {},
            "tags_all": {}
          },
          "sensitive_attributes": [],
          "private": "bnVsbA==",
          "dependencies": [
            "aws_cloudwatch_log_group.gearbox-logs",
            "aws_cloudwatch_log_stream.gearbox-log-stream",
            "aws_ecs_cluster.gearbox",
            "aws_ecs_service.gearbox",
            "aws_ecs_task_definition.gearbox",
            "aws_lb_target_group.gearbox-instances",
            "aws_security_group.gearbox-security-group",
            "aws_subnet.gearbox-subnets",
            "aws_vpc.gearbox-vpc",
            "data.aws_iam_role.ecs_task_execution_role",
            "data.aws_iam_role.s3-access-role"
          ]
        }
      ]
    },
    {
      "mode": "managed",
      "type": "aws_cloudwatch_log_group",
      "name": "gearbox-logs",
      "provider": "provider[\"registry.terraform.io/hashicorp/aws\"]",
      "instances": [
        {
          "schema_version": 0,
          "attributes": {
            "arn": "arn:aws:logs:us-east-1:819512637580:log-group:gearbox-logs",
            "id": "gearbox-logs",
            "kms_key_id": "",
            "log_group_class": "STANDARD",
            "name": "gearbox-logs",
            "name_prefix": "",
            "retention_in_days": 0,
            "skip_destroy": false,
            "tags": {},
            "tags_all": {}
          },
          "sensitive_attributes": [],
          "private": "bnVsbA=="
        }
      ]
    },
    {
      "mode": "managed",
      "type": "aws_cloudwatch_log_stream",
      "name": "gearbox-log-stream",
      "provider": "provider[\"registry.terraform.io/hashicorp/aws\"]",
      "instances": [
        {
          "schema_version": 0,
          "attributes": {
            "arn": "arn:aws:logs:us-east-1:819512637580:log-group:gearbox-logs:log-stream:gearbox-log-stream",
            "id": "gearbox-log-stream",
            "log_group_name": "gearbox-logs",
            "name": "gearbox-log-stream"
          },
          "sensitive_attributes": [],
          "private": "bnVsbA==",
          "dependencies": [
            "aws_cloudwatch_log_group.gearbox-logs"
          ]
        }
      ]
    },
    {
      "mode": "managed",
      "type": "aws_ecs_cluster",
      "name": "gearbox",
      "provider": "provider[\"registry.terraform.io/hashicorp/aws\"]",
      "instances": [
        {
          "schema_version": 0,
          "attributes": {
            "arn": "arn:aws:ecs:us-east-1:819512637580:cluster/gearbox",
            "configuration": [],
            "id": "arn:aws:ecs:us-east-1:819512637580:cluster/gearbox",
            "name": "gearbox",
            "service_connect_defaults": [],
            "setting": [
              {
                "name": "containerInsights",
                "value": "disabled"
              }
            ],
            "tags": {},
            "tags_all": {}
          },
          "sensitive_attributes": [],
          "private": "bnVsbA=="
        }
      ]
    },
    {
      "mode": "managed",
      "type": "aws_ecs_service",
      "name": "gearbox",
      "provider": "provider[\"registry.terraform.io/hashicorp/aws\"]",
      "instances": [
        {
          "schema_version": 1,
          "attributes": {
            "alarms": [],
            "availability_zone_rebalancing": "DISABLED",
            "capacity_provider_strategy": [],
            "cluster": "arn:aws:ecs:us-east-1:819512637580:cluster/gearbox",
            "deployment_circuit_breaker": [
              {
                "enable": true,
                "rollback": true
              }
            ],
            "deployment_controller": [
              {
                "type": "ECS"
              }
            ],
            "deployment_maximum_percent": 200,
            "deployment_minimum_healthy_percent": 100,
            "desired_count": 1,
            "enable_ecs_managed_tags": false,
            "enable_execute_command": false,
            "force_delete": null,
            "force_new_deployment": null,
            "health_check_grace_period_seconds": 0,
            "iam_role": "/aws-service-role/ecs.amazonaws.com/AWSServiceRoleForECS",
            "id": "arn:aws:ecs:us-east-1:819512637580:service/gearbox/gearbox",
            "launch_type": "FARGATE",
            "load_balancer": [
              {
                "container_name": "gearbox",
                "container_port": 80,
                "elb_name": "",
                "target_group_arn": "arn:aws:elasticloadbalancing:us-east-1:819512637580:targetgroup/gearbox-instances/5fe042baa13397d3"
              }
            ],
            "name": "gearbox",
            "network_configuration": [
              {
                "assign_public_ip": true,
                "security_groups": [
                  "sg-065c54faf416751ad"
                ],
                "subnets": [
                  "subnet-00a17c143483e3ad9",
                  "subnet-04f01a862f69fe958",
                  "subnet-064906ab6bed351c5"
                ]
              }
            ],
            "ordered_placement_strategy": [],
            "placement_constraints": [],
            "platform_version": "LATEST",
            "propagate_tags": "NONE",
            "scheduling_strategy": "REPLICA",
            "service_connect_configuration": [],
            "service_registries": [],
            "tags": {},
            "tags_all": {},
            "task_definition": "arn:aws:ecs:us-east-1:819512637580:task-definition/gearbox:1",
            "timeouts": null,
            "triggers": {},
            "volume_configuration": [],
            "vpc_lattice_configurations": [],
            "wait_for_steady_state": false
          },
          "sensitive_attributes": [],
          "private": "eyJlMmJmYjczMC1lY2FhLTExZTYtOGY4OC0zNDM2M2JjN2M0YzAiOnsiY3JlYXRlIjoxMjAwMDAwMDAwMDAwLCJkZWxldGUiOjEyMDAwMDAwMDAwMDAsInVwZGF0ZSI6MTIwMDAwMDAwMDAwMH0sInNjaGVtYV92ZXJzaW9uIjoiMSJ9",
          "dependencies": [
            "aws_cloudwatch_log_group.gearbox-logs",
            "aws_cloudwatch_log_stream.gearbox-log-stream",
            "aws_ecs_cluster.gearbox",
            "aws_ecs_task_definition.gearbox",
            "aws_lb_target_group.gearbox-instances",
            "aws_security_group.gearbox-security-group",
            "aws_subnet.gearbox-subnets",
            "aws_vpc.gearbox-vpc",
            "data.aws_iam_role.ecs_task_execution_role",
            "data.aws_iam_role.s3-access-role"
          ]
        }
      ]
    },
    {
      "mode": "managed",
      "type": "aws_ecs_task_definition",
      "name": "gearbox",
      "provider": "provider[\"registry.terraform.io/hashicorp/aws\"]",
      "instances": [
        {
          "schema_version": 1,
          "attributes": {
            "arn": "arn:aws:ecs:us-east-1:819512637580:task-definition/gearbox:1",
            "arn_without_revision": "arn:aws:ecs:us-east-1:819512637580:task-definition/gearbox",
            "container_definitions": "[{\"environment\":[],\"environmentFiles\":[{\"type\":\"s3\",\"value\":\"arn:aws:s3:::4026-gearbox-envs/.env\"}],\"essential\":true,\"image\":\"ghcr.io/decatur-robotics/gearbox:latest\",\"logConfiguration\":{\"logDriver\":\"awslogs\",\"options\":{\"awslogs-group\":\"gearbox-logs\",\"awslogs-region\":\"us-east-1\",\"awslogs-stream-prefix\":\"gearbox-log-stream\"}},\"mountPoints\":[],\"name\":\"gearbox\",\"portMappings\":[{\"appProtocol\":\"http\",\"containerPort\":80,\"hostPort\":80,\"name\":\"http\",\"protocol\":\"tcp\"}],\"systemControls\":[],\"volumesFrom\":[]}]",
            "cpu": "512",
            "ephemeral_storage": [],
            "execution_role_arn": "arn:aws:iam::819512637580:role/ecs-task-execution-role",
            "family": "gearbox",
            "id": "gearbox",
            "inference_accelerator": [],
            "ipc_mode": "",
            "memory": "1024",
            "network_mode": "awsvpc",
            "pid_mode": "",
            "placement_constraints": [],
            "proxy_configuration": [],
            "requires_compatibilities": [
              "FARGATE"
            ],
            "revision": 1,
            "runtime_platform": [
              {
                "cpu_architecture": "X86_64",
                "operating_system_family": "LINUX"
              }
            ],
            "skip_destroy": false,
            "tags": {},
            "tags_all": {},
            "task_role_arn": "arn:aws:iam::819512637580:role/s3-full-access-role",
            "track_latest": false,
            "volume": []
          },
          "sensitive_attributes": [],
          "private": "eyJzY2hlbWFfdmVyc2lvbiI6IjEifQ==",
          "dependencies": [
            "aws_cloudwatch_log_group.gearbox-logs",
            "aws_cloudwatch_log_stream.gearbox-log-stream",
            "data.aws_iam_role.ecs_task_execution_role",
            "data.aws_iam_role.s3-access-role"
          ]
        }
      ]
    },
    {
      "mode": "managed",
      "type": "aws_internet_gateway",
      "name": "gearbox-internet-gateway",
      "provider": "provider[\"registry.terraform.io/hashicorp/aws\"]",
      "instances": [
        {
          "schema_version": 0,
          "attributes": {
            "arn": "arn:aws:ec2:us-east-1:819512637580:internet-gateway/igw-01575c4c98ba5176e",
            "id": "igw-01575c4c98ba5176e",
            "owner_id": "819512637580",
            "tags": {},
            "tags_all": {},
            "timeouts": null,
            "vpc_id": "vpc-0481de038c6cd06d8"
          },
          "sensitive_attributes": [],
          "private": "eyJlMmJmYjczMC1lY2FhLTExZTYtOGY4OC0zNDM2M2JjN2M0YzAiOnsiY3JlYXRlIjoxMjAwMDAwMDAwMDAwLCJkZWxldGUiOjEyMDAwMDAwMDAwMDAsInVwZGF0ZSI6MTIwMDAwMDAwMDAwMH19",
          "dependencies": [
            "aws_vpc.gearbox-vpc"
          ]
        }
      ]
    },
    {
      "mode": "managed",
      "type": "aws_lb",
      "name": "gearbox-load-balancer",
      "provider": "provider[\"registry.terraform.io/hashicorp/aws\"]",
      "instances": [
        {
          "schema_version": 0,
          "attributes": {
            "access_logs": [
              {
                "bucket": "",
                "enabled": false,
                "prefix": ""
              }
            ],
            "arn": "arn:aws:elasticloadbalancing:us-east-1:819512637580:loadbalancer/app/gearbox/d1ebbaea38f76ac9",
            "arn_suffix": "app/gearbox/d1ebbaea38f76ac9",
            "client_keep_alive": 3600,
            "connection_logs": [
              {
                "bucket": "",
                "enabled": false,
                "prefix": ""
              }
            ],
            "customer_owned_ipv4_pool": "",
            "desync_mitigation_mode": "defensive",
            "dns_name": "gearbox-980962066.us-east-1.elb.amazonaws.com",
            "dns_record_client_routing_policy": null,
            "drop_invalid_header_fields": false,
            "enable_cross_zone_load_balancing": true,
            "enable_deletion_protection": false,
            "enable_http2": true,
            "enable_tls_version_and_cipher_suite_headers": false,
            "enable_waf_fail_open": false,
            "enable_xff_client_port": false,
            "enable_zonal_shift": false,
            "enforce_security_group_inbound_rules_on_private_link_traffic": "",
            "id": "arn:aws:elasticloadbalancing:us-east-1:819512637580:loadbalancer/app/gearbox/d1ebbaea38f76ac9",
            "idle_timeout": 60,
            "internal": false,
            "ip_address_type": "ipv4",
            "load_balancer_type": "application",
            "name": "gearbox",
            "name_prefix": "",
            "preserve_host_header": false,
            "security_groups": [
              "sg-0ce16dd36a12eab68"
            ],
            "subnet_mapping": [
              {
                "allocation_id": "",
                "ipv6_address": "",
                "outpost_id": "",
                "private_ipv4_address": "",
                "subnet_id": "subnet-00a17c143483e3ad9"
              },
              {
                "allocation_id": "",
                "ipv6_address": "",
                "outpost_id": "",
                "private_ipv4_address": "",
                "subnet_id": "subnet-04f01a862f69fe958"
              },
              {
                "allocation_id": "",
                "ipv6_address": "",
                "outpost_id": "",
                "private_ipv4_address": "",
                "subnet_id": "subnet-064906ab6bed351c5"
              }
            ],
            "subnets": [
              "subnet-00a17c143483e3ad9",
              "subnet-04f01a862f69fe958",
              "subnet-064906ab6bed351c5"
            ],
            "tags": {},
            "tags_all": {},
            "timeouts": null,
            "vpc_id": "vpc-0481de038c6cd06d8",
            "xff_header_processing_mode": "append",
            "zone_id": "Z35SXDOTRQ7X7K"
          },
          "sensitive_attributes": [],
          "private": "eyJlMmJmYjczMC1lY2FhLTExZTYtOGY4OC0zNDM2M2JjN2M0YzAiOnsiY3JlYXRlIjo2MDAwMDAwMDAwMDAsImRlbGV0ZSI6NjAwMDAwMDAwMDAwLCJ1cGRhdGUiOjYwMDAwMDAwMDAwMH19",
          "dependencies": [
            "aws_security_group.load-balancer-security-group",
            "aws_subnet.gearbox-subnets",
            "aws_vpc.gearbox-vpc"
          ]
        }
      ]
    },
    {
      "mode": "managed",
      "type": "aws_lb_listener",
      "name": "gearbox-https-listener",
      "provider": "provider[\"registry.terraform.io/hashicorp/aws\"]",
      "instances": [
        {
          "schema_version": 0,
          "attributes": {
            "alpn_policy": null,
            "arn": "arn:aws:elasticloadbalancing:us-east-1:819512637580:listener/app/gearbox/d1ebbaea38f76ac9/fbc2caff89e4fa50",
            "certificate_arn": "arn:aws:acm:us-east-1:819512637580:certificate/d7a82a5f-cdf6-4edf-aa80-61c36ebffc8c",
            "default_action": [
              {
                "authenticate_cognito": [],
                "authenticate_oidc": [],
                "fixed_response": [],
                "forward": [],
                "order": 1,
                "redirect": [],
                "target_group_arn": "arn:aws:elasticloadbalancing:us-east-1:819512637580:targetgroup/gearbox-instances/5fe042baa13397d3",
                "type": "forward"
              }
            ],
            "id": "arn:aws:elasticloadbalancing:us-east-1:819512637580:listener/app/gearbox/d1ebbaea38f76ac9/fbc2caff89e4fa50",
            "load_balancer_arn": "arn:aws:elasticloadbalancing:us-east-1:819512637580:loadbalancer/app/gearbox/d1ebbaea38f76ac9",
            "mutual_authentication": [
              {
                "advertise_trust_store_ca_names": "",
                "ignore_client_certificate_expiry": false,
                "mode": "off",
                "trust_store_arn": ""
              }
            ],
            "port": 443,
            "protocol": "HTTPS",
            "routing_http_request_x_amzn_mtls_clientcert_header_name": "",
            "routing_http_request_x_amzn_mtls_clientcert_issuer_header_name": "",
            "routing_http_request_x_amzn_mtls_clientcert_leaf_header_name": "",
            "routing_http_request_x_amzn_mtls_clientcert_serial_number_header_name": "",
            "routing_http_request_x_amzn_mtls_clientcert_subject_header_name": "",
            "routing_http_request_x_amzn_mtls_clientcert_validity_header_name": "",
            "routing_http_request_x_amzn_tls_cipher_suite_header_name": "",
            "routing_http_request_x_amzn_tls_version_header_name": "",
            "routing_http_response_access_control_allow_credentials_header_value": "",
            "routing_http_response_access_control_allow_headers_header_value": "",
            "routing_http_response_access_control_allow_methods_header_value": "",
            "routing_http_response_access_control_allow_origin_header_value": "",
            "routing_http_response_access_control_expose_headers_header_value": "",
            "routing_http_response_access_control_max_age_header_value": "",
            "routing_http_response_content_security_policy_header_value": "",
            "routing_http_response_server_enabled": false,
            "routing_http_response_strict_transport_security_header_value": "",
            "routing_http_response_x_content_type_options_header_value": "",
            "routing_http_response_x_frame_options_header_value": "",
            "ssl_policy": "ELBSecurityPolicy-2016-08",
            "tags": {},
            "tags_all": {},
            "tcp_idle_timeout_seconds": null,
            "timeouts": null
          },
          "sensitive_attributes": [],
          "private": "eyJlMmJmYjczMC1lY2FhLTExZTYtOGY4OC0zNDM2M2JjN2M0YzAiOnsiY3JlYXRlIjozMDAwMDAwMDAwMDAsInVwZGF0ZSI6MzAwMDAwMDAwMDAwfX0=",
          "dependencies": [
            "aws_acm_certificate.gearbox-certificate",
            "aws_acm_certificate_validation.gearbox-certificate-validation",
            "aws_lb.gearbox-load-balancer",
            "aws_lb_target_group.gearbox-instances",
            "aws_security_group.load-balancer-security-group",
            "aws_subnet.gearbox-subnets",
            "aws_vpc.gearbox-vpc"
          ]
        }
      ]
    },
    {
      "mode": "managed",
      "type": "aws_lb_target_group",
      "name": "gearbox-instances",
      "provider": "provider[\"registry.terraform.io/hashicorp/aws\"]",
      "instances": [
        {
          "schema_version": 0,
          "attributes": {
            "arn": "arn:aws:elasticloadbalancing:us-east-1:819512637580:targetgroup/gearbox-instances/5fe042baa13397d3",
            "arn_suffix": "targetgroup/gearbox-instances/5fe042baa13397d3",
            "connection_termination": null,
            "deregistration_delay": "300",
            "health_check": [
              {
                "enabled": true,
                "healthy_threshold": 3,
                "interval": 30,
                "matcher": "200",
                "path": "/api/hello",
                "port": "traffic-port",
                "protocol": "HTTP",
                "timeout": 5,
                "unhealthy_threshold": 3
              }
            ],
            "id": "arn:aws:elasticloadbalancing:us-east-1:819512637580:targetgroup/gearbox-instances/5fe042baa13397d3",
            "ip_address_type": "ipv4",
            "lambda_multi_value_headers_enabled": false,
            "load_balancer_arns": [
              "arn:aws:elasticloadbalancing:us-east-1:819512637580:loadbalancer/app/gearbox/d1ebbaea38f76ac9"
            ],
            "load_balancing_algorithm_type": "round_robin",
            "load_balancing_anomaly_mitigation": "off",
            "load_balancing_cross_zone_enabled": "use_load_balancer_configuration",
            "name": "gearbox-instances",
            "name_prefix": "",
            "port": 80,
            "preserve_client_ip": null,
            "protocol": "HTTP",
            "protocol_version": "HTTP1",
            "proxy_protocol_v2": false,
            "slow_start": 0,
            "stickiness": [
              {
                "cookie_duration": 86400,
                "cookie_name": "",
                "enabled": false,
                "type": "lb_cookie"
              }
            ],
            "tags": {},
            "tags_all": {},
            "target_failover": [
              {
                "on_deregistration": null,
                "on_unhealthy": null
              }
            ],
            "target_group_health": [
              {
                "dns_failover": [
                  {
                    "minimum_healthy_targets_count": "1",
                    "minimum_healthy_targets_percentage": "off"
                  }
                ],
                "unhealthy_state_routing": [
                  {
                    "minimum_healthy_targets_count": 1,
                    "minimum_healthy_targets_percentage": "off"
                  }
                ]
              }
            ],
            "target_health_state": [
              {
                "enable_unhealthy_connection_termination": null,
                "unhealthy_draining_interval": null
              }
            ],
            "target_type": "ip",
            "vpc_id": "vpc-0481de038c6cd06d8"
          },
          "sensitive_attributes": [],
          "private": "bnVsbA==",
          "dependencies": [
            "aws_vpc.gearbox-vpc"
          ]
        }
      ]
    },
    {
      "mode": "managed",
      "type": "aws_route_table",
      "name": "gearbox-route-table",
      "provider": "provider[\"registry.terraform.io/hashicorp/aws\"]",
      "instances": [
        {
          "schema_version": 0,
          "attributes": {
            "arn": "arn:aws:ec2:us-east-1:819512637580:route-table/rtb-0b1d8ad57007f6594",
            "id": "rtb-0b1d8ad57007f6594",
            "owner_id": "819512637580",
            "propagating_vgws": [],
            "route": [
              {
                "carrier_gateway_id": "",
                "cidr_block": "0.0.0.0/0",
                "core_network_arn": "",
                "destination_prefix_list_id": "",
                "egress_only_gateway_id": "",
                "gateway_id": "igw-01575c4c98ba5176e",
                "ipv6_cidr_block": "",
                "local_gateway_id": "",
                "nat_gateway_id": "",
                "network_interface_id": "",
                "transit_gateway_id": "",
                "vpc_endpoint_id": "",
                "vpc_peering_connection_id": ""
              },
              {
                "carrier_gateway_id": "",
                "cidr_block": "40.26.0.0/16",
                "core_network_arn": "",
                "destination_prefix_list_id": "",
                "egress_only_gateway_id": "",
                "gateway_id": "local",
                "ipv6_cidr_block": "",
                "local_gateway_id": "",
                "nat_gateway_id": "",
                "network_interface_id": "",
                "transit_gateway_id": "",
                "vpc_endpoint_id": "",
                "vpc_peering_connection_id": ""
              }
            ],
            "tags": {},
            "tags_all": {},
            "timeouts": null,
            "vpc_id": "vpc-0481de038c6cd06d8"
          },
          "sensitive_attributes": [],
          "private": "eyJlMmJmYjczMC1lY2FhLTExZTYtOGY4OC0zNDM2M2JjN2M0YzAiOnsiY3JlYXRlIjozMDAwMDAwMDAwMDAsImRlbGV0ZSI6MzAwMDAwMDAwMDAwLCJ1cGRhdGUiOjEyMDAwMDAwMDAwMH19",
          "dependencies": [
            "aws_internet_gateway.gearbox-internet-gateway",
            "aws_vpc.gearbox-vpc"
          ]
        }
      ]
    },
    {
      "mode": "managed",
      "type": "aws_route_table_association",
      "name": "gearbox-route-table-association",
      "provider": "provider[\"registry.terraform.io/hashicorp/aws\"]",
      "instances": [
        {
          "index_key": 0,
          "schema_version": 0,
          "attributes": {
            "gateway_id": "",
            "id": "rtbassoc-0811516459ac06a43",
            "route_table_id": "rtb-0b1d8ad57007f6594",
            "subnet_id": "subnet-00a17c143483e3ad9",
            "timeouts": null
          },
          "sensitive_attributes": [],
          "private": "eyJlMmJmYjczMC1lY2FhLTExZTYtOGY4OC0zNDM2M2JjN2M0YzAiOnsiY3JlYXRlIjozMDAwMDAwMDAwMDAsImRlbGV0ZSI6MzAwMDAwMDAwMDAwLCJ1cGRhdGUiOjEyMDAwMDAwMDAwMH19",
          "dependencies": [
            "aws_internet_gateway.gearbox-internet-gateway",
            "aws_route_table.gearbox-route-table",
            "aws_subnet.gearbox-subnets",
            "aws_vpc.gearbox-vpc"
          ]
        },
        {
          "index_key": 1,
          "schema_version": 0,
          "attributes": {
            "gateway_id": "",
            "id": "rtbassoc-03debc65bec31cd02",
            "route_table_id": "rtb-0b1d8ad57007f6594",
            "subnet_id": "subnet-064906ab6bed351c5",
            "timeouts": null
          },
          "sensitive_attributes": [],
          "private": "eyJlMmJmYjczMC1lY2FhLTExZTYtOGY4OC0zNDM2M2JjN2M0YzAiOnsiY3JlYXRlIjozMDAwMDAwMDAwMDAsImRlbGV0ZSI6MzAwMDAwMDAwMDAwLCJ1cGRhdGUiOjEyMDAwMDAwMDAwMH19",
          "dependencies": [
            "aws_internet_gateway.gearbox-internet-gateway",
            "aws_route_table.gearbox-route-table",
            "aws_subnet.gearbox-subnets",
            "aws_vpc.gearbox-vpc"
          ]
        },
        {
          "index_key": 2,
          "schema_version": 0,
          "attributes": {
            "gateway_id": "",
            "id": "rtbassoc-07683ae4e5e34b604",
            "route_table_id": "rtb-0b1d8ad57007f6594",
            "subnet_id": "subnet-04f01a862f69fe958",
            "timeouts": null
          },
          "sensitive_attributes": [],
          "private": "eyJlMmJmYjczMC1lY2FhLTExZTYtOGY4OC0zNDM2M2JjN2M0YzAiOnsiY3JlYXRlIjozMDAwMDAwMDAwMDAsImRlbGV0ZSI6MzAwMDAwMDAwMDAwLCJ1cGRhdGUiOjEyMDAwMDAwMDAwMH19",
          "dependencies": [
            "aws_internet_gateway.gearbox-internet-gateway",
            "aws_route_table.gearbox-route-table",
            "aws_subnet.gearbox-subnets",
            "aws_vpc.gearbox-vpc"
          ]
        }
      ]
    },
    {
      "mode": "managed",
      "type": "aws_security_group",
      "name": "gearbox-security-group",
      "provider": "provider[\"registry.terraform.io/hashicorp/aws\"]",
      "instances": [
        {
          "schema_version": 1,
          "attributes": {
            "arn": "arn:aws:ec2:us-east-1:819512637580:security-group/sg-065c54faf416751ad",
            "description": "Managed by Terraform",
            "egress": [
              {
                "cidr_blocks": [
                  "0.0.0.0/0"
                ],
                "description": "",
                "from_port": 0,
                "ipv6_cidr_blocks": [],
                "prefix_list_ids": [],
                "protocol": "-1",
                "security_groups": [],
                "self": false,
                "to_port": 0
              }
            ],
            "id": "sg-065c54faf416751ad",
            "ingress": [
              {
                "cidr_blocks": [
                  "0.0.0.0/0"
                ],
                "description": "",
                "from_port": 80,
                "ipv6_cidr_blocks": [],
                "prefix_list_ids": [],
                "protocol": "tcp",
                "security_groups": [],
                "self": false,
                "to_port": 80
              }
            ],
            "name": "gearbox-security-group",
            "name_prefix": "",
            "owner_id": "819512637580",
            "revoke_rules_on_delete": false,
            "tags": {},
            "tags_all": {},
            "timeouts": null,
            "vpc_id": "vpc-0481de038c6cd06d8"
          },
          "sensitive_attributes": [],
          "private": "eyJlMmJmYjczMC1lY2FhLTExZTYtOGY4OC0zNDM2M2JjN2M0YzAiOnsiY3JlYXRlIjo2MDAwMDAwMDAwMDAsImRlbGV0ZSI6OTAwMDAwMDAwMDAwfSwic2NoZW1hX3ZlcnNpb24iOiIxIn0=",
          "dependencies": [
            "aws_vpc.gearbox-vpc"
          ]
        }
      ]
    },
    {
      "mode": "managed",
      "type": "aws_security_group",
      "name": "load-balancer-security-group",
      "provider": "provider[\"registry.terraform.io/hashicorp/aws\"]",
      "instances": [
        {
          "schema_version": 1,
          "attributes": {
            "arn": "arn:aws:ec2:us-east-1:819512637580:security-group/sg-0ce16dd36a12eab68",
            "description": "Managed by Terraform",
            "egress": [
              {
                "cidr_blocks": [
                  "40.26.0.0/16"
                ],
                "description": "",
                "from_port": 0,
                "ipv6_cidr_blocks": [],
                "prefix_list_ids": [],
                "protocol": "-1",
                "security_groups": [],
                "self": false,
                "to_port": 0
              }
            ],
            "id": "sg-0ce16dd36a12eab68",
            "ingress": [
              {
                "cidr_blocks": [
                  "0.0.0.0/0"
                ],
                "description": "",
                "from_port": 443,
                "ipv6_cidr_blocks": [],
                "prefix_list_ids": [],
                "protocol": "tcp",
                "security_groups": [],
                "self": false,
                "to_port": 443
              }
            ],
            "name": "load-balancer-security-group",
            "name_prefix": "",
            "owner_id": "819512637580",
            "revoke_rules_on_delete": false,
            "tags": {},
            "tags_all": {},
            "timeouts": null,
            "vpc_id": "vpc-0481de038c6cd06d8"
          },
          "sensitive_attributes": [],
          "private": "eyJlMmJmYjczMC1lY2FhLTExZTYtOGY4OC0zNDM2M2JjN2M0YzAiOnsiY3JlYXRlIjo2MDAwMDAwMDAwMDAsImRlbGV0ZSI6OTAwMDAwMDAwMDAwfSwic2NoZW1hX3ZlcnNpb24iOiIxIn0=",
          "dependencies": [
            "aws_vpc.gearbox-vpc"
          ]
        }
      ]
    },
    {
      "mode": "managed",
      "type": "aws_security_group_rule",
      "name": "gearbox-allow-all-egress",
      "provider": "provider[\"registry.terraform.io/hashicorp/aws\"]",
      "instances": [
        {
          "schema_version": 2,
          "attributes": {
            "cidr_blocks": [
              "0.0.0.0/0"
            ],
            "description": null,
            "from_port": 0,
            "id": "sgrule-1522125570",
            "ipv6_cidr_blocks": null,
            "prefix_list_ids": null,
            "protocol": "-1",
            "security_group_id": "sg-065c54faf416751ad",
            "security_group_rule_id": "sgr-06ca9a208409b9a5b",
            "self": false,
            "source_security_group_id": null,
            "timeouts": null,
            "to_port": 0,
            "type": "egress"
          },
          "sensitive_attributes": [],
          "private": "eyJlMmJmYjczMC1lY2FhLTExZTYtOGY4OC0zNDM2M2JjN2M0YzAiOnsiY3JlYXRlIjozMDAwMDAwMDAwMDB9LCJzY2hlbWFfdmVyc2lvbiI6IjIifQ==",
          "dependencies": [
            "aws_security_group.gearbox-security-group",
            "aws_vpc.gearbox-vpc"
          ]
        }
      ]
    },
    {
      "mode": "managed",
      "type": "aws_security_group_rule",
      "name": "gearbox-allow-http-ingress",
      "provider": "provider[\"registry.terraform.io/hashicorp/aws\"]",
      "instances": [
        {
          "schema_version": 2,
          "attributes": {
            "cidr_blocks": [
              "0.0.0.0/0"
            ],
            "description": null,
            "from_port": 80,
            "id": "sgrule-949624288",
            "ipv6_cidr_blocks": null,
            "prefix_list_ids": null,
            "protocol": "tcp",
            "security_group_id": "sg-065c54faf416751ad",
            "security_group_rule_id": "sgr-05ddd0150239c1b13",
            "self": false,
            "source_security_group_id": null,
            "timeouts": null,
            "to_port": 80,
            "type": "ingress"
          },
          "sensitive_attributes": [],
          "private": "eyJlMmJmYjczMC1lY2FhLTExZTYtOGY4OC0zNDM2M2JjN2M0YzAiOnsiY3JlYXRlIjozMDAwMDAwMDAwMDB9LCJzY2hlbWFfdmVyc2lvbiI6IjIifQ==",
          "dependencies": [
            "aws_security_group.gearbox-security-group",
            "aws_vpc.gearbox-vpc"
          ]
        }
      ]
    },
    {
      "mode": "managed",
      "type": "aws_security_group_rule",
      "name": "load-balancer-allow-all-egress",
      "provider": "provider[\"registry.terraform.io/hashicorp/aws\"]",
      "instances": [
        {
          "schema_version": 2,
          "attributes": {
            "cidr_blocks": [
              "40.26.0.0/16"
            ],
            "description": null,
            "from_port": 0,
            "id": "sgrule-140836488",
            "ipv6_cidr_blocks": null,
            "prefix_list_ids": null,
            "protocol": "-1",
            "security_group_id": "sg-0ce16dd36a12eab68",
            "security_group_rule_id": "sgr-0ec20537ef77fd6f7",
            "self": false,
            "source_security_group_id": null,
            "timeouts": null,
            "to_port": 0,
            "type": "egress"
          },
          "sensitive_attributes": [],
          "private": "eyJlMmJmYjczMC1lY2FhLTExZTYtOGY4OC0zNDM2M2JjN2M0YzAiOnsiY3JlYXRlIjozMDAwMDAwMDAwMDB9LCJzY2hlbWFfdmVyc2lvbiI6IjIifQ==",
          "dependencies": [
            "aws_security_group.load-balancer-security-group",
            "aws_vpc.gearbox-vpc"
          ]
        }
      ]
    },
    {
      "mode": "managed",
      "type": "aws_security_group_rule",
      "name": "load-balancer-allow-https-ingress",
      "provider": "provider[\"registry.terraform.io/hashicorp/aws\"]",
      "instances": [
        {
          "schema_version": 2,
          "attributes": {
            "cidr_blocks": [
              "0.0.0.0/0"
            ],
            "description": null,
            "from_port": 443,
            "id": "sgrule-1162463721",
            "ipv6_cidr_blocks": null,
            "prefix_list_ids": null,
            "protocol": "tcp",
            "security_group_id": "sg-0ce16dd36a12eab68",
            "security_group_rule_id": "sgr-032cd62c86650463b",
            "self": false,
            "source_security_group_id": null,
            "timeouts": null,
            "to_port": 443,
            "type": "ingress"
          },
          "sensitive_attributes": [],
          "private": "eyJlMmJmYjczMC1lY2FhLTExZTYtOGY4OC0zNDM2M2JjN2M0YzAiOnsiY3JlYXRlIjozMDAwMDAwMDAwMDB9LCJzY2hlbWFfdmVyc2lvbiI6IjIifQ==",
          "dependencies": [
            "aws_security_group.load-balancer-security-group",
            "aws_vpc.gearbox-vpc"
          ]
        }
      ]
    },
    {
      "mode": "managed",
      "type": "aws_service_discovery_http_namespace",
      "name": "gearbox-namespace",
      "provider": "provider[\"registry.terraform.io/hashicorp/aws\"]",
      "instances": [
        {
          "schema_version": 0,
          "attributes": {
            "arn": "arn:aws:servicediscovery:us-east-1:819512637580:namespace/ns-qzp5rvpuyiwgfvmi",
            "description": "The namespace to use for Service Connect",
            "http_name": "gearbox",
            "id": "ns-qzp5rvpuyiwgfvmi",
            "name": "gearbox",
            "tags": {},
            "tags_all": {}
          },
          "sensitive_attributes": [],
          "private": "bnVsbA=="
        }
      ]
    },
    {
      "mode": "managed",
      "type": "aws_subnet",
      "name": "gearbox-subnets",
      "provider": "provider[\"registry.terraform.io/hashicorp/aws\"]",
      "instances": [
        {
          "index_key": 0,
          "schema_version": 1,
          "attributes": {
            "arn": "arn:aws:ec2:us-east-1:819512637580:subnet/subnet-00a17c143483e3ad9",
            "assign_ipv6_address_on_creation": false,
            "availability_zone": "us-east-1a",
            "availability_zone_id": "use1-az4",
            "cidr_block": "40.26.0.0/20",
            "customer_owned_ipv4_pool": "",
            "enable_dns64": false,
            "enable_lni_at_device_index": 0,
            "enable_resource_name_dns_a_record_on_launch": false,
            "enable_resource_name_dns_aaaa_record_on_launch": false,
            "id": "subnet-00a17c143483e3ad9",
            "ipv6_cidr_block": "",
            "ipv6_cidr_block_association_id": "",
            "ipv6_native": false,
            "map_customer_owned_ip_on_launch": false,
            "map_public_ip_on_launch": false,
            "outpost_arn": "",
            "owner_id": "819512637580",
            "private_dns_hostname_type_on_launch": "ip-name",
            "tags": {},
            "tags_all": {},
            "timeouts": null,
            "vpc_id": "vpc-0481de038c6cd06d8"
          },
          "sensitive_attributes": [],
          "private": "eyJlMmJmYjczMC1lY2FhLTExZTYtOGY4OC0zNDM2M2JjN2M0YzAiOnsiY3JlYXRlIjo2MDAwMDAwMDAwMDAsImRlbGV0ZSI6MTIwMDAwMDAwMDAwMH0sInNjaGVtYV92ZXJzaW9uIjoiMSJ9",
          "dependencies": [
            "aws_vpc.gearbox-vpc"
          ]
        },
        {
          "index_key": 1,
          "schema_version": 1,
          "attributes": {
            "arn": "arn:aws:ec2:us-east-1:819512637580:subnet/subnet-064906ab6bed351c5",
            "assign_ipv6_address_on_creation": false,
            "availability_zone": "us-east-1b",
            "availability_zone_id": "use1-az6",
            "cidr_block": "40.26.16.0/20",
            "customer_owned_ipv4_pool": "",
            "enable_dns64": false,
            "enable_lni_at_device_index": 0,
            "enable_resource_name_dns_a_record_on_launch": false,
            "enable_resource_name_dns_aaaa_record_on_launch": false,
            "id": "subnet-064906ab6bed351c5",
            "ipv6_cidr_block": "",
            "ipv6_cidr_block_association_id": "",
            "ipv6_native": false,
            "map_customer_owned_ip_on_launch": false,
            "map_public_ip_on_launch": false,
            "outpost_arn": "",
            "owner_id": "819512637580",
            "private_dns_hostname_type_on_launch": "ip-name",
            "tags": {},
            "tags_all": {},
            "timeouts": null,
            "vpc_id": "vpc-0481de038c6cd06d8"
          },
          "sensitive_attributes": [],
          "private": "eyJlMmJmYjczMC1lY2FhLTExZTYtOGY4OC0zNDM2M2JjN2M0YzAiOnsiY3JlYXRlIjo2MDAwMDAwMDAwMDAsImRlbGV0ZSI6MTIwMDAwMDAwMDAwMH0sInNjaGVtYV92ZXJzaW9uIjoiMSJ9",
          "dependencies": [
            "aws_vpc.gearbox-vpc"
          ]
        },
        {
          "index_key": 2,
          "schema_version": 1,
          "attributes": {
            "arn": "arn:aws:ec2:us-east-1:819512637580:subnet/subnet-04f01a862f69fe958",
            "assign_ipv6_address_on_creation": false,
            "availability_zone": "us-east-1c",
            "availability_zone_id": "use1-az1",
            "cidr_block": "40.26.32.0/20",
            "customer_owned_ipv4_pool": "",
            "enable_dns64": false,
            "enable_lni_at_device_index": 0,
            "enable_resource_name_dns_a_record_on_launch": false,
            "enable_resource_name_dns_aaaa_record_on_launch": false,
            "id": "subnet-04f01a862f69fe958",
            "ipv6_cidr_block": "",
            "ipv6_cidr_block_association_id": "",
            "ipv6_native": false,
            "map_customer_owned_ip_on_launch": false,
            "map_public_ip_on_launch": false,
            "outpost_arn": "",
            "owner_id": "819512637580",
            "private_dns_hostname_type_on_launch": "ip-name",
            "tags": {},
            "tags_all": {},
            "timeouts": null,
            "vpc_id": "vpc-0481de038c6cd06d8"
          },
          "sensitive_attributes": [],
          "private": "eyJlMmJmYjczMC1lY2FhLTExZTYtOGY4OC0zNDM2M2JjN2M0YzAiOnsiY3JlYXRlIjo2MDAwMDAwMDAwMDAsImRlbGV0ZSI6MTIwMDAwMDAwMDAwMH0sInNjaGVtYV92ZXJzaW9uIjoiMSJ9",
          "dependencies": [
            "aws_vpc.gearbox-vpc"
          ]
        }
      ]
    },
    {
      "mode": "managed",
      "type": "aws_vpc",
      "name": "gearbox-vpc",
      "provider": "provider[\"registry.terraform.io/hashicorp/aws\"]",
      "instances": [
        {
          "schema_version": 1,
          "attributes": {
            "arn": "arn:aws:ec2:us-east-1:819512637580:vpc/vpc-0481de038c6cd06d8",
            "assign_generated_ipv6_cidr_block": false,
            "cidr_block": "40.26.0.0/16",
            "default_network_acl_id": "acl-071ecf108c96f05eb",
            "default_route_table_id": "rtb-064c41f30036db6bb",
            "default_security_group_id": "sg-0c2d5f0bc7fd05acd",
            "dhcp_options_id": "dopt-def9c6a5",
            "enable_dns_hostnames": true,
            "enable_dns_support": true,
            "enable_network_address_usage_metrics": false,
            "id": "vpc-0481de038c6cd06d8",
            "instance_tenancy": "default",
            "ipv4_ipam_pool_id": null,
            "ipv4_netmask_length": null,
            "ipv6_association_id": "",
            "ipv6_cidr_block": "",
            "ipv6_cidr_block_network_border_group": "",
            "ipv6_ipam_pool_id": "",
            "ipv6_netmask_length": 0,
            "main_route_table_id": "rtb-064c41f30036db6bb",
            "owner_id": "819512637580",
            "tags": {},
            "tags_all": {}
          },
          "sensitive_attributes": [],
          "private": "eyJzY2hlbWFfdmVyc2lvbiI6IjEifQ=="
        }
      ]
    },
    {
      "mode": "managed",
      "type": "cloudflare_dns_record",
      "name": "domain-ownership-validation-record",
      "provider": "provider[\"registry.terraform.io/cloudflare/cloudflare\"]",
      "instances": [
        {
          "schema_version": 0,
          "attributes": {
            "comment": "ACM Certificate Validation",
            "comment_modified_on": "2025-02-03T22:24:55Z",
            "content": "_37ca5ecba7070e618644409837e8f19c.zfyfvmchrl.acm-validations.aws.",
            "created_on": "2025-02-03T22:24:55Z",
            "data": null,
            "id": "c3b5fe4d8085ca1fdc288b36b7398436",
            "meta": "{\"auto_added\":false,\"managed_by_apps\":false,\"managed_by_argo_tunnel\":false}",
            "modified_on": "2025-02-03T22:24:55Z",
            "name": "_146520e5d943187fc22f41f3cefdfd0c.4026.org.",
            "priority": null,
            "proxiable": false,
            "proxied": false,
            "settings": {
              "flatten_cname": false,
              "ipv4_only": null,
              "ipv6_only": null
            },
            "tags": [],
            "tags_modified_on": null,
            "ttl": 60,
            "type": "CNAME",
            "zone_id": "3718e115b8e70b897b4ca5c52241f0a1"
          },
          "sensitive_attributes": [],
          "dependencies": [
            "aws_acm_certificate.gearbox-certificate"
          ]
        }
      ]
    },
    {
      "mode": "managed",
      "type": "cloudflare_dns_record",
      "name": "resend-domain-key-txt",
      "provider": "provider[\"registry.terraform.io/cloudflare/cloudflare\"]",
      "instances": [
        {
          "schema_version": 0,
          "attributes": {
            "comment": "Resend",
            "comment_modified_on": "2025-02-03T22:20:13Z",
            "content": "p=MIGfMA0GCSqGSIb3DQEBAQUAA4GNADCBiQKBgQDof5w1H6DaIgsH2qxCLQWqE4QPayoA+5SL/Z8/s8Gfwq8N4Q/U9Wu9VPRoEWzh+LqM35Ce7GrAxkhsCiFvb/7a0RrHn6okfODWtebB7iz9Zfa9aqk8wcpR1DAhcCf9El4RKUBlBmQ0xaDwCRovcBM6cRcRq5wAbx1sHqVTo4X1HwIDAQAB",
            "created_on": "2025-02-03T22:20:13Z",
            "data": null,
            "id": "d6f59f9d7e9bd14e1d47a6327b0bdcc3",
            "meta": "{\"auto_added\":false,\"managed_by_apps\":false,\"managed_by_argo_tunnel\":false}",
            "modified_on": "2025-02-03T22:20:13Z",
            "name": "resend._domainkey",
            "priority": null,
            "proxiable": false,
            "proxied": false,
            "settings": {
              "flatten_cname": null,
              "ipv4_only": null,
              "ipv6_only": null
            },
            "tags": [],
            "tags_modified_on": null,
            "ttl": 1,
            "type": "TXT",
            "zone_id": "3718e115b8e70b897b4ca5c52241f0a1"
          },
          "sensitive_attributes": []
        }
      ]
    },
    {
      "mode": "managed",
      "type": "cloudflare_dns_record",
      "name": "root-cname",
      "provider": "provider[\"registry.terraform.io/cloudflare/cloudflare\"]",
      "instances": [
        {
          "schema_version": 0,
          "attributes": {
            "comment": null,
            "comment_modified_on": null,
            "content": "gearbox-980962066.us-east-1.elb.amazonaws.com",
            "created_on": "2025-02-03T22:21:56Z",
            "data": null,
            "id": "1ef941a5f67f59a7068111b3a762449f",
            "meta": "{\"auto_added\":false,\"managed_by_apps\":false,\"managed_by_argo_tunnel\":false}",
            "modified_on": "2025-02-03T22:21:56Z",
            "name": "4026.org",
            "priority": null,
            "proxiable": true,
            "proxied": true,
            "settings": {
              "flatten_cname": false,
              "ipv4_only": null,
              "ipv6_only": null
            },
            "tags": [],
            "tags_modified_on": null,
            "ttl": 1,
            "type": "CNAME",
            "zone_id": "3718e115b8e70b897b4ca5c52241f0a1"
          },
          "sensitive_attributes": [],
          "dependencies": [
            "aws_lb.gearbox-load-balancer",
            "aws_security_group.load-balancer-security-group",
            "aws_subnet.gearbox-subnets",
            "aws_vpc.gearbox-vpc"
          ]
        }
      ]
    },
    {
      "mode": "managed",
      "type": "cloudflare_dns_record",
      "name": "root-send-txt",
      "provider": "provider[\"registry.terraform.io/cloudflare/cloudflare\"]",
      "instances": [
        {
          "schema_version": 0,
          "attributes": {
            "comment": "Resend",
            "comment_modified_on": "2025-02-03T22:20:13Z",
            "content": "v=spf1 include:_spf.mx.cloudflare.net ~all",
            "created_on": "2025-02-03T22:20:13Z",
            "data": null,
            "id": "12342c43d6de7750d9083513a0bfbd9d",
            "meta": "{\"auto_added\":false,\"managed_by_apps\":false,\"managed_by_argo_tunnel\":false}",
            "modified_on": "2025-02-03T22:20:13Z",
            "name": "send",
            "priority": null,
            "proxiable": false,
            "proxied": false,
            "settings": {
              "flatten_cname": null,
              "ipv4_only": null,
              "ipv6_only": null
            },
            "tags": [],
            "tags_modified_on": null,
            "ttl": 1,
            "type": "TXT",
            "zone_id": "3718e115b8e70b897b4ca5c52241f0a1"
          },
          "sensitive_attributes": []
        }
      ]
    },
    {
      "mode": "managed",
      "type": "cloudflare_dns_record",
      "name": "send-mx",
      "provider": "provider[\"registry.terraform.io/cloudflare/cloudflare\"]",
      "instances": [
        {
          "schema_version": 0,
          "attributes": {
            "comment": "Resend",
            "comment_modified_on": "2025-02-03T22:20:13Z",
            "content": "feedback-smtp.us-east-1.amazonses.com",
            "created_on": "2025-02-03T22:20:13Z",
            "data": null,
            "id": "3d536a8777f48eecf0a0e872d048b79c",
            "meta": "{\"auto_added\":false,\"managed_by_apps\":false,\"managed_by_argo_tunnel\":false}",
            "modified_on": "2025-02-03T22:20:13Z",
            "name": "send",
            "priority": 1,
            "proxiable": false,
            "proxied": false,
            "settings": {
              "flatten_cname": null,
              "ipv4_only": null,
              "ipv6_only": null
            },
            "tags": [],
            "tags_modified_on": null,
            "ttl": 1,
            "type": "MX",
            "zone_id": "3718e115b8e70b897b4ca5c52241f0a1"
          },
          "sensitive_attributes": []
        }
      ]
    },
    {
      "mode": "managed",
      "type": "cloudflare_dns_record",
      "name": "send-txt",
      "provider": "provider[\"registry.terraform.io/cloudflare/cloudflare\"]",
      "instances": [
        {
          "schema_version": 0,
          "attributes": {
            "comment": "Resend",
            "comment_modified_on": "2025-02-03T22:20:13Z",
            "content": "v=spf1 include:amazonses.com ~all",
            "created_on": "2025-02-03T22:20:13Z",
            "data": null,
            "id": "d3b32b1d6877acf7926be167e24051da",
            "meta": "{\"auto_added\":false,\"managed_by_apps\":false,\"managed_by_argo_tunnel\":false}",
            "modified_on": "2025-02-03T22:20:13Z",
            "name": "send",
            "priority": null,
            "proxiable": false,
            "proxied": false,
            "settings": {
              "flatten_cname": null,
              "ipv4_only": null,
              "ipv6_only": null
            },
            "tags": [],
            "tags_modified_on": null,
            "ttl": 1,
            "type": "TXT",
            "zone_id": "3718e115b8e70b897b4ca5c52241f0a1"
          },
          "sensitive_attributes": []
        }
      ]
    },
    {
      "mode": "managed",
      "type": "cloudflare_dns_record",
      "name": "status-cname",
      "provider": "provider[\"registry.terraform.io/cloudflare/cloudflare\"]",
      "instances": [
        {
          "schema_version": 0,
          "attributes": {
            "comment": null,
            "comment_modified_on": null,
            "content": "gearbox-980962066.us-east-1.elb.amazonaws.com",
            "created_on": "2025-02-03T22:20:13Z",
            "data": null,
            "id": "8414401feaf9313a5eea18d32c031a8e",
            "meta": "{\"auto_added\":false,\"managed_by_apps\":false,\"managed_by_argo_tunnel\":false}",
            "modified_on": "2025-02-03T22:20:13Z",
            "name": "status",
            "priority": null,
            "proxiable": true,
            "proxied": false,
            "settings": {
              "flatten_cname": false,
              "ipv4_only": null,
              "ipv6_only": null
            },
            "tags": [],
            "tags_modified_on": null,
            "ttl": 1,
            "type": "CNAME",
            "zone_id": "3718e115b8e70b897b4ca5c52241f0a1"
          },
          "sensitive_attributes": [],
          "dependencies": [
            "aws_lb.gearbox-load-balancer",
            "aws_security_group.load-balancer-security-group",
            "aws_subnet.gearbox-subnets",
            "aws_vpc.gearbox-vpc"
          ]
        }
      ]
    },
    {
      "mode": "managed",
      "type": "cloudflare_dns_record",
      "name": "www-cname",
      "provider": "provider[\"registry.terraform.io/cloudflare/cloudflare\"]",
      "instances": [
        {
          "schema_version": 0,
          "attributes": {
            "comment": null,
            "comment_modified_on": null,
            "content": "gearbox-980962066.us-east-1.elb.amazonaws.com",
            "created_on": "2025-02-03T22:20:13Z",
            "data": null,
            "id": "b3e23b48b763f12d4d850ae6b9d311aa",
            "meta": "{\"auto_added\":false,\"managed_by_apps\":false,\"managed_by_argo_tunnel\":false}",
            "modified_on": "2025-02-03T22:20:13Z",
            "name": "www",
            "priority": null,
            "proxiable": true,
            "proxied": true,
            "settings": {
              "flatten_cname": false,
              "ipv4_only": null,
              "ipv6_only": null
            },
            "tags": [],
            "tags_modified_on": null,
            "ttl": 1,
            "type": "CNAME",
            "zone_id": "3718e115b8e70b897b4ca5c52241f0a1"
          },
          "sensitive_attributes": [],
          "dependencies": [
            "aws_lb.gearbox-load-balancer",
            "aws_security_group.load-balancer-security-group",
            "aws_subnet.gearbox-subnets",
            "aws_vpc.gearbox-vpc"
          ]
        }
      ]
    }
  ],
  "check_results": null
}
